{
  "version": "4",
  "specifiers": {
    "jsr:@std/assert@1": "1.0.14",
    "jsr:@std/internal@^1.0.10": "1.0.10",
    "npm:bip66@2": "2.0.0",
    "npm:currency-codes@^2.2.0": "2.2.0",
    "npm:knip@*": "5.64.3_@types+node@24.7.2_typescript@5.9.3"
  },
  "jsr": {
    "@std/assert@1.0.14": {
      "integrity": "68d0d4a43b365abc927f45a9b85c639ea18a9fab96ad92281e493e4ed84abaa4",
      "dependencies": [
        "jsr:@std/internal"
      ]
    },
    "@std/internal@1.0.10": {
      "integrity": "e3be62ce42cab0e177c27698e5d9800122f67b766a0bea6ca4867886cbde8cf7"
    }
  },
  "npm": {
    "@emnapi/core@1.5.0": {
      "integrity": "sha512-sbP8GzB1WDzacS8fgNPpHlp6C9VZe+SJP3F90W9rLemaQj2PzIuTEl1qDOYQf58YIpyjViI24y9aPWCjEzY2cg==",
      "dependencies": [
        "@emnapi/wasi-threads",
        "tslib"
      ]
    },
    "@emnapi/runtime@1.5.0": {
      "integrity": "sha512-97/BJ3iXHww3djw6hYIfErCZFee7qCtrneuLa20UXFCOTCfBM2cvQHjWJ2EG0s0MtdNwInarqCTz35i4wWXHsQ==",
      "dependencies": [
        "tslib"
      ]
    },
    "@emnapi/wasi-threads@1.1.0": {
      "integrity": "sha512-WI0DdZ8xFSbgMjR1sFsKABJ/C5OnRrjT06JXbZKexJGrDuPTzZdDYfFlsgcCXCyf+suG5QU2e/y1Wo2V/OapLQ==",
      "dependencies": [
        "tslib"
      ]
    },
    "@napi-rs/wasm-runtime@1.0.7": {
      "integrity": "sha512-SeDnOO0Tk7Okiq6DbXmmBODgOAb9dp9gjlphokTUxmt8U3liIP1ZsozBahH69j/RJv+Rfs6IwUKHTgQYJ/HBAw==",
      "dependencies": [
        "@emnapi/core",
        "@emnapi/runtime",
        "@tybys/wasm-util"
      ]
    },
    "@nodelib/fs.scandir@2.1.5": {
      "integrity": "sha512-vq24Bq3ym5HEQm2NKCr3yXDwjc7vTsEThRDnkp2DK9p1uqLR+DHurm/NOTo0KG7HYHU7eppKZj3MyqYuMBf62g==",
      "dependencies": [
        "@nodelib/fs.stat",
        "run-parallel"
      ]
    },
    "@nodelib/fs.stat@2.0.5": {
      "integrity": "sha512-RkhPPp2zrqDAQA/2jNhnztcPAlv64XdhIp7a7454A5ovI7Bukxgt7MX7udwAu3zg1DcpPU0rz3VV1SeaqvY4+A=="
    },
    "@nodelib/fs.walk@1.2.8": {
      "integrity": "sha512-oGB+UxlgWcgQkgwo8GcEGwemoTFt3FIO9ababBmaGwXIoBKZ+GTy0pP185beGg7Llih/NSHSV2XAs1lnznocSg==",
      "dependencies": [
        "@nodelib/fs.scandir",
        "fastq"
      ]
    },
    "@oxc-resolver/binding-android-arm-eabi@11.9.0": {
      "integrity": "sha512-4AxaG6TkSBQ2FiC5oGZEJQ35DjsSfAbW6/AJauebq4EzIPVOIgDJCF4de+PvX/Xi9BkNw6VtJuMXJdWW97iEAA=="
    },
    "@oxc-resolver/binding-android-arm64@11.9.0": {
      "integrity": "sha512-oOEg7rUd2M6YlmRkvPcszJ6KO6TaLGN21oDdcs27gbTVYbQQtCWYbZz5jRW5zEBJu6dopoWVx+shJNGtG1qDFw=="
    },
    "@oxc-resolver/binding-darwin-arm64@11.9.0": {
      "integrity": "sha512-fM6zE/j6o3C1UIkcZPV7C1f186R7w97guY2N4lyNLlhlgwwhd46acnOezLARvRNU5oyKNev4PvOJhGCCDnFMGg=="
    },
    "@oxc-resolver/binding-darwin-x64@11.9.0": {
      "integrity": "sha512-Bg3Orw7gAxbUqQlt64YPWvHDVo3bo2JfI26Qmzv6nKo7mIMTDhQKl7YmywtLNMYbX0IgUM4qu1V90euu+WCDOw=="
    },
    "@oxc-resolver/binding-freebsd-x64@11.9.0": {
      "integrity": "sha512-eBqVZqTETH6miBfIZXvpzUe98WATz2+Sh+LEFwuRpGsTsKkIpTyb4p1kwylCLkxrd3Yx7wkxQku+L0AMEGBiAA=="
    },
    "@oxc-resolver/binding-linux-arm-gnueabihf@11.9.0": {
      "integrity": "sha512-QgCk/IJnGBvpbc8rYTVgO+A3m3edJjH1zfv8Nvx7fmsxpbXwWH2l4b4tY3/SLMzasxsp7x7k87+HWt095bI5Lg=="
    },
    "@oxc-resolver/binding-linux-arm-musleabihf@11.9.0": {
      "integrity": "sha512-xkJH0jldIXD2GwoHpCDEF0ucJ7fvRETCL+iFLctM679o7qeDXvtzsO/E401EgFFXcWBJNKXWvH+ZfdYMKyowfA=="
    },
    "@oxc-resolver/binding-linux-arm64-gnu@11.9.0": {
      "integrity": "sha512-TWq+y2psMzbMtZB9USAq2bSA7NV1TMmh9lhAFbMGQ8Yp2YV4BRC/HilD6qF++efQl6shueGBFOv0LVe9BUXaIA=="
    },
    "@oxc-resolver/binding-linux-arm64-musl@11.9.0": {
      "integrity": "sha512-8WwGLfXk7yttc6rD6g53+RnYfX5B8xOot1ffthLn8oCXzVRO4cdChlmeHStxwLD/MWx8z8BGeyfyINNrsh9N2w=="
    },
    "@oxc-resolver/binding-linux-ppc64-gnu@11.9.0": {
      "integrity": "sha512-ZWiAXfan6actlSzayaFS/kYO2zD6k1k0fmLb1opbujXYMKepEnjjVOvKdzCIYR/zKzudqI39dGc+ywqVdsPIpQ=="
    },
    "@oxc-resolver/binding-linux-riscv64-gnu@11.9.0": {
      "integrity": "sha512-p9mCSb+Bym+eycNo9k+81wQ5SAE31E+/rtfbDmF4/7krPotkEjPsEBSc3rqunRwO+FtsUn7H68JLY7hlai49eQ=="
    },
    "@oxc-resolver/binding-linux-riscv64-musl@11.9.0": {
      "integrity": "sha512-/SePuVxgFhLPciRwsJ8kLVltr+rxh0b6riGFuoPnFXBbHFclKnjNIt3TfqzUj0/vOnslXw3cVGPpmtkm2TgCgg=="
    },
    "@oxc-resolver/binding-linux-s390x-gnu@11.9.0": {
      "integrity": "sha512-zLuEjlYIzfnr1Ei2UZYQBbCTa/9deh+BEjO9rh1ai8BfEq4uj6RupTtNpgHfgAsEYdqOBVExw9EU1S6SW3RCAw=="
    },
    "@oxc-resolver/binding-linux-x64-gnu@11.9.0": {
      "integrity": "sha512-cxdg73WG+aVlPu/k4lEQPRVOhWunYOUglW6OSzclZLJJAXZU0tSZ5ymKaqPRkfTsyNSAafj1cA1XYd+P9UxBgw=="
    },
    "@oxc-resolver/binding-linux-x64-musl@11.9.0": {
      "integrity": "sha512-sy5nkVdMvNgqcx9sIY7G6U9TYZUZC4cmMGw/wKhJNuuD2/HFGtbje62ttXSwBAbVbmJ2GgZ4ZUo/S1OMyU+/OA=="
    },
    "@oxc-resolver/binding-wasm32-wasi@11.9.0": {
      "integrity": "sha512-dfi/a0Xh6o6nOLbJdaYuy7txncEcwkRHp9DGGZaAP7zxDiepkBZ6ewSJODQrWwhjVmMteXo+XFzEOMjsC7WUtQ==",
      "dependencies": [
        "@napi-rs/wasm-runtime"
      ]
    },
    "@oxc-resolver/binding-win32-arm64-msvc@11.9.0": {
      "integrity": "sha512-b1yKr+eFwyi8pZMjAQwW352rXpaHAmz7FLK03vFIxdyWzWiiL6S3UrfMu+nKQud38963zu4wNNLm7rdXQazgRA=="
    },
    "@oxc-resolver/binding-win32-ia32-msvc@11.9.0": {
      "integrity": "sha512-DxRT+1HjCpRH8qYCmGHzgsRCYiK+X14PUM9Fb+aD4TljplA7MdDQXqMISTb4zBZ70AuclvlXKTbW+K1GZop3xA=="
    },
    "@oxc-resolver/binding-win32-x64-msvc@11.9.0": {
      "integrity": "sha512-gE3QJvhh0Yj9cSAkkHjRLKPmC7BTJeiaB5YyhVKVUwbnWQgTszV92lZ9pvZtNPEghP7jPbhEs4c6983A0ojQwA=="
    },
    "@tybys/wasm-util@0.10.1": {
      "integrity": "sha512-9tTaPJLSiejZKx+Bmog4uSubteqTvFrVrURwkmHixBo0G4seD0zUxp98E1DzUBJxLQ3NPwXrGKDiVjwx/DpPsg==",
      "dependencies": [
        "tslib"
      ]
    },
    "@types/node@24.7.2": {
      "integrity": "sha512-/NbVmcGTP+lj5oa4yiYxxeBjRivKQ5Ns1eSZeB99ExsEQ6rX5XYU1Zy/gGxY/ilqtD4Etx9mKyrPxZRetiahhA==",
      "dependencies": [
        "undici-types"
      ]
    },
    "argparse@2.0.1": {
      "integrity": "sha512-8+9WqebbFzpX9OR+Wa6O29asIogeRMzcGtAINdpMHHyAg10f05aSFVBbcEqGf/PXw1EjAZ+q2/bEBg3DvurK3Q=="
    },
    "bip66@2.0.0": {
      "integrity": "sha512-kBG+hSpgvZBrkIm9dt5T1Hd/7xGCPEX2npoxAWZfsK1FvjgaxySEh2WizjyIstWXriKo9K9uJ4u0OnsyLDUPXQ=="
    },
    "braces@3.0.3": {
      "integrity": "sha512-yQbXgO/OSZVD2IsiLlro+7Hf6Q18EJrKSEsdoMzKePKXct3gvD8oLcOQdIzGupr5Fj+EDe8gO/lxc1BzfMpxvA==",
      "dependencies": [
        "fill-range"
      ]
    },
    "currency-codes@2.2.0": {
      "integrity": "sha512-vpbQc5sEYHGdTVAYUhHnKv0DWiYLRvzl/KKyqeHzBh7HD/j3UlWoScpZ9tN/jG6w2feddWoObsBbaNVu5yDapg==",
      "dependencies": [
        "first-match",
        "nub"
      ]
    },
    "fast-glob@3.3.3": {
      "integrity": "sha512-7MptL8U0cqcFdzIzwOTHoilX9x5BrNqye7Z/LuC7kCMRio1EMSyqRK3BEAUD7sXRq4iT4AzTVuZdhgQ2TCvYLg==",
      "dependencies": [
        "@nodelib/fs.stat",
        "@nodelib/fs.walk",
        "glob-parent",
        "merge2",
        "micromatch"
      ]
    },
    "fastq@1.19.1": {
      "integrity": "sha512-GwLTyxkCXjXbxqIhTsMI2Nui8huMPtnxg7krajPJAjnEG/iiOS7i+zCtWGZR9G0NBKbXKh6X9m9UIsYX/N6vvQ==",
      "dependencies": [
        "reusify"
      ]
    },
    "fd-package-json@2.0.0": {
      "integrity": "sha512-jKmm9YtsNXN789RS/0mSzOC1NUq9mkVd65vbSSVsKdjGvYXBuE4oWe2QOEoFeRmJg+lPuZxpmrfFclNhoRMneQ==",
      "dependencies": [
        "walk-up-path"
      ]
    },
    "fill-range@7.1.1": {
      "integrity": "sha512-YsGpe3WHLK8ZYi4tWDg2Jy3ebRz2rXowDxnld4bkQB00cc/1Zw9AWnC0i9ztDJitivtQvaI9KaLyKrc+hBW0yg==",
      "dependencies": [
        "to-regex-range"
      ]
    },
    "first-match@0.0.1": {
      "integrity": "sha512-VvKbnaxrC0polTFDC+teKPTdl2mn6B/KUW+WB3C9RzKDeNwbzfLdnUz3FxC+tnjvus6bI0jWrWicQyVIPdS37A=="
    },
    "formatly@0.3.0": {
      "integrity": "sha512-9XNj/o4wrRFyhSMJOvsuyMwy8aUfBaZ1VrqHVfohyXf0Sw0e+yfKG+xZaY3arGCOMdwFsqObtzVOc1gU9KiT9w==",
      "dependencies": [
        "fd-package-json"
      ]
    },
    "glob-parent@5.1.2": {
      "integrity": "sha512-AOIgSQCepiJYwP3ARnGx+5VnTu2HBYdzbGP45eLw1vr3zB3vZLeyed1sC9hnbcOc9/SrMyM5RPQrkGz4aS9Zow==",
      "dependencies": [
        "is-glob"
      ]
    },
    "is-extglob@2.1.1": {
      "integrity": "sha512-SbKbANkN603Vi4jEZv49LeVJMn4yGwsbzZworEoyEiutsN3nJYdbO36zfhGJ6QEDpOZIFkDtnq5JRxmvl3jsoQ=="
    },
    "is-glob@4.0.3": {
      "integrity": "sha512-xelSayHH36ZgE7ZWhli7pW34hNbNl8Ojv5KVmkJD4hBdD3th8Tfk9vYasLM+mXWOZhFkgZfxhLSnrwRr4elSSg==",
      "dependencies": [
        "is-extglob"
      ]
    },
    "is-number@7.0.0": {
      "integrity": "sha512-41Cifkg6e8TylSpdtTpeLVMqvSBEVzTttHvERD741+pnZ8ANv0004MRL43QKPDlK9cGvNp6NZWZUBlbGXYxxng=="
    },
    "jiti@2.6.1": {
      "integrity": "sha512-ekilCSN1jwRvIbgeg/57YFh8qQDNbwDb9xT/qu2DAHbFFZUicIl4ygVaAvzveMhMVr3LnpSKTNnwt8PoOfmKhQ=="
    },
    "js-yaml@4.1.0": {
      "integrity": "sha512-wpxZs9NoxZaJESJGIZTyDEaYpl0FKSA+FB9aJiyemKhMwkxQg63h4T1KJgUGHpTqPDNRcmmYLugrRjJlBtWvRA==",
      "dependencies": [
        "argparse"
      ]
    },
    "knip@5.64.3_@types+node@24.7.2_typescript@5.9.3": {
      "integrity": "sha512-P9dZetEZfSBwNBFwj55CAnPAMdzVLTTscWx6rdB8eBmPqXPji8F3L+hhWi+Xp+u9O6Xp2ClRDq2JENSK8Z04Qg==",
      "dependencies": [
        "@nodelib/fs.walk",
        "@types/node",
        "fast-glob",
        "formatly",
        "jiti",
        "js-yaml",
        "minimist",
        "oxc-resolver",
        "picocolors",
        "picomatch@4.0.3",
        "smol-toml",
        "strip-json-comments",
        "typescript",
        "zod"
      ]
    },
    "merge2@1.4.1": {
      "integrity": "sha512-8q7VEgMJW4J8tcfVPy8g09NcQwZdbwFEqhe/WZkoIzjn/3TGDwtOCYtXGxA3O8tPzpczCCDgv+P2P5y00ZJOOg=="
    },
    "micromatch@4.0.8": {
      "integrity": "sha512-PXwfBhYu0hBCPw8Dn0E+WDYb7af3dSLVWKi3HGv84IdF4TyFoC0ysxFd0Goxw7nSv4T/PzEJQxsYsEiFCKo2BA==",
      "dependencies": [
        "braces",
        "picomatch@2.3.1"
      ]
    },
    "minimist@1.2.8": {
      "integrity": "sha512-2yyAR8qBkN3YuheJanUpWC5U3bb5osDywNB8RzDVlDwDHbocAJveqqj1u8+SVD7jkWT4yvsHCpWqqWqAxb0zCA=="
    },
    "nub@0.0.0": {
      "integrity": "sha512-dK0Ss9C34R/vV0FfYJXuqDAqHlaW9fvWVufq9MmGF2umCuDbd5GRfRD9fpi/LiM0l4ZXf8IBB+RYmZExqCrf0w=="
    },
    "oxc-resolver@11.9.0": {
      "integrity": "sha512-u714L0DBBXpD0ERErCQlun2XwinuBfIGo2T8bA7xE8WLQ4uaJudO/VOEQCWslOmcDY2nEkS+UVir5PpyvSG23w==",
      "dependencies": [
        "@oxc-resolver/binding-android-arm-eabi",
        "@oxc-resolver/binding-android-arm64",
        "@oxc-resolver/binding-darwin-arm64",
        "@oxc-resolver/binding-darwin-x64",
        "@oxc-resolver/binding-freebsd-x64",
        "@oxc-resolver/binding-linux-arm-gnueabihf",
        "@oxc-resolver/binding-linux-arm-musleabihf",
        "@oxc-resolver/binding-linux-arm64-gnu",
        "@oxc-resolver/binding-linux-arm64-musl",
        "@oxc-resolver/binding-linux-ppc64-gnu",
        "@oxc-resolver/binding-linux-riscv64-gnu",
        "@oxc-resolver/binding-linux-riscv64-musl",
        "@oxc-resolver/binding-linux-s390x-gnu",
        "@oxc-resolver/binding-linux-x64-gnu",
        "@oxc-resolver/binding-linux-x64-musl",
        "@oxc-resolver/binding-wasm32-wasi",
        "@oxc-resolver/binding-win32-arm64-msvc",
        "@oxc-resolver/binding-win32-ia32-msvc",
        "@oxc-resolver/binding-win32-x64-msvc"
      ]
    },
    "picocolors@1.1.1": {
      "integrity": "sha512-xceH2snhtb5M9liqDsmEw56le376mTZkEX/jEb/RxNFyegNul7eNslCXP9FDj/Lcu0X8KEyMceP2ntpaHrDEVA=="
    },
    "picomatch@2.3.1": {
      "integrity": "sha512-JU3teHTNjmE2VCGFzuY8EXzCDVwEqB2a8fsIvwaStHhAWJEeVd1o1QD80CU6+ZdEXXSLbSsuLwJjkCBWqRQUVA=="
    },
    "picomatch@4.0.3": {
      "integrity": "sha512-5gTmgEY/sqK6gFXLIsQNH19lWb4ebPDLA4SdLP7dsWkIXHWlG66oPuVvXSGFPppYZz8ZDZq0dYYrbHfBCVUb1Q=="
    },
    "queue-microtask@1.2.3": {
      "integrity": "sha512-NuaNSa6flKT5JaSYQzJok04JzTL1CA6aGhv5rfLW3PgqA+M2ChpZQnAC8h8i4ZFkBS8X5RqkDBHA7r4hej3K9A=="
    },
    "reusify@1.1.0": {
      "integrity": "sha512-g6QUff04oZpHs0eG5p83rFLhHeV00ug/Yf9nZM6fLeUrPguBTkTQOdpAWWspMh55TZfVQDPaN3NQJfbVRAxdIw=="
    },
    "run-parallel@1.2.0": {
      "integrity": "sha512-5l4VyZR86LZ/lDxZTR6jqL8AFE2S0IFLMP26AbjsLVADxHdhB/c0GUsH+y39UfCi3dzz8OlQuPmnaJOMoDHQBA==",
      "dependencies": [
        "queue-microtask"
      ]
    },
    "smol-toml@1.4.2": {
      "integrity": "sha512-rInDH6lCNiEyn3+hH8KVGFdbjc099j47+OSgbMrfDYX1CmXLfdKd7qi6IfcWj2wFxvSVkuI46M+wPGYfEOEj6g=="
    },
    "strip-json-comments@5.0.2": {
      "integrity": "sha512-4X2FR3UwhNUE9G49aIsJW5hRRR3GXGTBTZRMfv568O60ojM8HcWjV/VxAxCDW3SUND33O6ZY66ZuRcdkj73q2g=="
    },
    "to-regex-range@5.0.1": {
      "integrity": "sha512-65P7iz6X5yEr1cwcgvQxbbIw7Uk3gOy5dIdtZ4rDveLqhrdJP+Li/Hx6tyK0NEb+2GCyneCMJiGqrADCSNk8sQ==",
      "dependencies": [
        "is-number"
      ]
    },
    "tslib@2.8.1": {
      "integrity": "sha512-oJFu94HQb+KVduSUQL7wnpmqnfmLsOA/nAh6b6EH0wCEoK0/mPeXU6c3wKDV83MkOuHPRHtSXKKU99IBazS/2w=="
    },
    "typescript@5.9.3": {
      "integrity": "sha512-jl1vZzPDinLr9eUt3J/t7V6FgNEw9QjvBPdysz9KfQDD41fQrC2Y4vKQdiaUpFT4bXlb1RHhLpp8wtm6M5TgSw=="
    },
    "undici-types@7.14.0": {
      "integrity": "sha512-QQiYxHuyZ9gQUIrmPo3IA+hUl4KYk8uSA7cHrcKd/l3p1OTpZcM0Tbp9x7FAtXdAYhlasd60ncPpgu6ihG6TOA=="
    },
    "walk-up-path@4.0.0": {
      "integrity": "sha512-3hu+tD8YzSLGuFYtPRb48vdhKMi0KQV5sn+uWr8+7dMEq/2G/dtLrdDinkLjqq5TIbIBjYJ4Ax/n3YiaW7QM8A=="
    },
    "zod@4.1.12": {
      "integrity": "sha512-JInaHOamG8pt5+Ey8kGmdcAcg3OL9reK8ltczgHTAwNhMys/6ThXHityHxVV2p3fkw/c+MAvBHFVYHFZDmjMCQ=="
    }
  },
  "redirects": {
    "https://deno.land/x/dnt/mod.ts": "https://deno.land/x/dnt@0.40.0/mod.ts"
  },
  "remote": {
    "https://deno.land/std@0.140.0/_util/assert.ts": "e94f2eb37cebd7f199952e242c77654e43333c1ac4c5c700e929ea3aa5489f74",
    "https://deno.land/std@0.140.0/_util/os.ts": "3b4c6e27febd119d36a416d7a97bd3b0251b77c88942c8f16ee5953ea13e2e49",
    "https://deno.land/std@0.140.0/bytes/bytes_list.ts": "67eb118e0b7891d2f389dad4add35856f4ad5faab46318ff99653456c23b025d",
    "https://deno.land/std@0.140.0/bytes/equals.ts": "fc16dff2090cced02497f16483de123dfa91e591029f985029193dfaa9d894c9",
    "https://deno.land/std@0.140.0/bytes/mod.ts": "763f97d33051cc3f28af1a688dfe2830841192a9fea0cbaa55f927b49d49d0bf",
    "https://deno.land/std@0.140.0/fmt/colors.ts": "30455035d6d728394781c10755351742dd731e3db6771b1843f9b9e490104d37",
    "https://deno.land/std@0.140.0/fs/_util.ts": "0fb24eb4bfebc2c194fb1afdb42b9c3dda12e368f43e8f2321f84fc77d42cb0f",
    "https://deno.land/std@0.140.0/fs/ensure_dir.ts": "9dc109c27df4098b9fc12d949612ae5c9c7169507660dcf9ad90631833209d9d",
    "https://deno.land/std@0.140.0/io/buffer.ts": "bd0c4bf53db4b4be916ca5963e454bddfd3fcd45039041ea161dbf826817822b",
    "https://deno.land/std@0.140.0/path/_constants.ts": "df1db3ffa6dd6d1252cc9617e5d72165cd2483df90e93833e13580687b6083c3",
    "https://deno.land/std@0.140.0/path/_interface.ts": "ee3b431a336b80cf445441109d089b70d87d5e248f4f90ff906820889ecf8d09",
    "https://deno.land/std@0.140.0/path/_util.ts": "c1e9686d0164e29f7d880b2158971d805b6e0efc3110d0b3e24e4b8af2190d2b",
    "https://deno.land/std@0.140.0/path/common.ts": "bee563630abd2d97f99d83c96c2fa0cca7cee103e8cb4e7699ec4d5db7bd2633",
    "https://deno.land/std@0.140.0/path/glob.ts": "cb5255638de1048973c3e69e420c77dc04f75755524cb3b2e160fe9277d939ee",
    "https://deno.land/std@0.140.0/path/mod.ts": "d3e68d0abb393fb0bf94a6d07c46ec31dc755b544b13144dee931d8d5f06a52d",
    "https://deno.land/std@0.140.0/path/posix.ts": "293cdaec3ecccec0a9cc2b534302dfe308adb6f10861fa183275d6695faace44",
    "https://deno.land/std@0.140.0/path/separator.ts": "fe1816cb765a8068afb3e8f13ad272351c85cbc739af56dacfc7d93d710fe0f9",
    "https://deno.land/std@0.140.0/path/win32.ts": "31811536855e19ba37a999cd8d1b62078235548d67902ece4aa6b814596dd757",
    "https://deno.land/std@0.140.0/streams/conversion.ts": "712585bfa0172a97fb68dd46e784ae8ad59d11b88079d6a4ab098ff42e697d21",
    "https://deno.land/std@0.181.0/_util/asserts.ts": "178dfc49a464aee693a7e285567b3d0b555dc805ff490505a8aae34f9cfb1462",
    "https://deno.land/std@0.181.0/_util/os.ts": "d932f56d41e4f6a6093d56044e29ce637f8dcc43c5a90af43504a889cf1775e3",
    "https://deno.land/std@0.181.0/fmt/colors.ts": "d67e3cd9f472535241a8e410d33423980bec45047e343577554d3356e1f0ef4e",
    "https://deno.land/std@0.181.0/fs/_util.ts": "65381f341af1ff7f40198cee15c20f59951ac26e51ddc651c5293e24f9ce6f32",
    "https://deno.land/std@0.181.0/fs/empty_dir.ts": "c3d2da4c7352fab1cf144a1ecfef58090769e8af633678e0f3fabaef98594688",
    "https://deno.land/std@0.181.0/fs/ensure_dir.ts": "dc64c4c75c64721d4e3fb681f1382f803ff3d2868f08563ff923fdd20d071c40",
    "https://deno.land/std@0.181.0/fs/expand_glob.ts": "e4f56259a0a70fe23f05215b00de3ac5e6ba46646ab2a06ebbe9b010f81c972a",
    "https://deno.land/std@0.181.0/fs/walk.ts": "ea95ffa6500c1eda6b365be488c056edc7c883a1db41ef46ec3bf057b1c0fe32",
    "https://deno.land/std@0.181.0/path/_constants.ts": "e49961f6f4f48039c0dfed3c3f93e963ca3d92791c9d478ac5b43183413136e0",
    "https://deno.land/std@0.181.0/path/_interface.ts": "6471159dfbbc357e03882c2266d21ef9afdb1e4aa771b0545e90db58a0ba314b",
    "https://deno.land/std@0.181.0/path/_util.ts": "d7abb1e0dea065f427b89156e28cdeb32b045870acdf865833ba808a73b576d0",
    "https://deno.land/std@0.181.0/path/common.ts": "ee7505ab01fd22de3963b64e46cff31f40de34f9f8de1fff6a1bd2fe79380000",
    "https://deno.land/std@0.181.0/path/glob.ts": "d479e0a695621c94d3fd7fe7abd4f9499caf32a8de13f25073451c6ef420a4e1",
    "https://deno.land/std@0.181.0/path/mod.ts": "bf718f19a4fdd545aee1b06409ca0805bd1b68ecf876605ce632e932fe54510c",
    "https://deno.land/std@0.181.0/path/posix.ts": "8b7c67ac338714b30c816079303d0285dd24af6b284f7ad63da5b27372a2c94d",
    "https://deno.land/std@0.181.0/path/separator.ts": "0fb679739d0d1d7bf45b68dacfb4ec7563597a902edbaf3c59b50d5bcadd93b1",
    "https://deno.land/std@0.181.0/path/win32.ts": "d186344e5583bcbf8b18af416d13d82b35a317116e6460a5a3953508c3de5bba",
    "https://deno.land/x/code_block_writer@12.0.0/mod.ts": "2c3448060e47c9d08604c8f40dee34343f553f33edcdfebbf648442be33205e5",
    "https://deno.land/x/code_block_writer@12.0.0/utils/string_utils.ts": "60cb4ec8bd335bf241ef785ccec51e809d576ff8e8d29da43d2273b69ce2a6ff",
    "https://deno.land/x/deno_cache@0.6.2/auth_tokens.ts": "5d1d56474c54a9d152e44d43ea17c2e6a398dd1e9682c69811a313567c01ee1e",
    "https://deno.land/x/deno_cache@0.6.2/cache.ts": "58b53c128b742757efcad10af9a3871f23b4e200674cb5b0ddf61164fb9b2fe7",
    "https://deno.land/x/deno_cache@0.6.2/deno_dir.ts": "1ea355b8ba11c630d076b222b197cfc937dd81e5a4a260938997da99e8ff93a0",
    "https://deno.land/x/deno_cache@0.6.2/deps.ts": "12cca94516cf2d3ed42fccd4b721ecd8060679253f077d83057511045b0081aa",
    "https://deno.land/x/deno_cache@0.6.2/dirs.ts": "009c6f54e0b610914d6ce9f72f6f6ccfffd2d47a79a19061e0a9eb4253836069",
    "https://deno.land/x/deno_cache@0.6.2/disk_cache.ts": "66a1e604a8d564b6dd0500326cac33d08b561d331036bf7272def80f2f7952aa",
    "https://deno.land/x/deno_cache@0.6.2/file_fetcher.ts": "4f3e4a2c78a5ca1e4812099e5083f815a8525ab20d389b560b3517f6b1161dd6",
    "https://deno.land/x/deno_cache@0.6.2/http_cache.ts": "407135eaf2802809ed373c230d57da7ef8dff923c4abf205410b9b99886491fd",
    "https://deno.land/x/deno_cache@0.6.2/lib/deno_cache_dir.generated.js": "59f8defac32e8ebf2a30f7bc77e9d88f0e60098463fb1b75e00b9791a4bbd733",
    "https://deno.land/x/deno_cache@0.6.2/lib/snippets/deno_cache_dir-a2aecaa9536c9402/fs.js": "cbe3a976ed63c72c7cb34ef845c27013033a3b11f9d8d3e2c4aa5dda2c0c7af6",
    "https://deno.land/x/deno_cache@0.6.2/mod.ts": "b4004287e1c6123d7f07fe9b5b3e94ce6d990c4102949a89c527c68b19627867",
    "https://deno.land/x/deno_cache@0.6.2/util.ts": "f3f5a0cfc60051f09162942fb0ee87a0e27b11a12aec4c22076e3006be4cc1e2",
    "https://deno.land/x/dir@1.5.1/data_local_dir/mod.ts": "91eb1c4bfadfbeda30171007bac6d85aadacd43224a5ed721bbe56bc64e9eb66",
    "https://deno.land/x/dnt@0.40.0/lib/compiler.ts": "7f4447531581896348b8a379ab94730856b42ae50d99043f2468328360293cb1",
    "https://deno.land/x/dnt@0.40.0/lib/compiler_transforms.ts": "f21aba052f5dcf0b0595c734450842855c7f572e96165d3d34f8fed2fc1f7ba1",
    "https://deno.land/x/dnt@0.40.0/lib/mod.deps.ts": "8d6123c8e1162037e58aa8126686a03d1e2cffb250a8757bf715f80242097597",
    "https://deno.land/x/dnt@0.40.0/lib/npm_ignore.ts": "57fbb7e7b935417d225eec586c6aa240288905eb095847d3f6a88e290209df4e",
    "https://deno.land/x/dnt@0.40.0/lib/package_json.ts": "607b0a4f44acad071a4c8533b312a27d6671eac8e6a23625c8350ce29eadb2ba",
    "https://deno.land/x/dnt@0.40.0/lib/pkg/dnt_wasm.generated.js": "2694546844a50861d6d1610859afbf5130baca4dc6cf304541b7ec2d6d998142",
    "https://deno.land/x/dnt@0.40.0/lib/pkg/snippets/dnt-wasm-a15ef721fa5290c5/helpers.js": "aba69a019a6da6f084898a6c7b903b8b583bc0dbd82bfb338449cf0b5bce58fd",
    "https://deno.land/x/dnt@0.40.0/lib/shims.ts": "39e5c141f0315c0faf30b479b53f92b9078d92e1fd67ee34cc60b701d8e68dab",
    "https://deno.land/x/dnt@0.40.0/lib/test_runner/get_test_runner_code.ts": "4dc7a73a13b027341c0688df2b29a4ef102f287c126f134c33f69f0339b46968",
    "https://deno.land/x/dnt@0.40.0/lib/test_runner/test_runner.ts": "4d0da0500ec427d5f390d9a8d42fb882fbeccc92c92d66b6f2e758606dbd40e6",
    "https://deno.land/x/dnt@0.40.0/lib/transform.deps.ts": "2e159661e1c5c650de9a573babe0e319349fe493105157307ec2ad2f6a52c94e",
    "https://deno.land/x/dnt@0.40.0/lib/types.ts": "b8e228b2fac44c2ae902fbb73b1689f6ab889915bd66486c8a85c0c24255f5fb",
    "https://deno.land/x/dnt@0.40.0/lib/utils.ts": "224f15f33e7226a2fd991e438d0291d7ed8c7889807efa2e1ecb67d2d1db6720",
    "https://deno.land/x/dnt@0.40.0/mod.ts": "ae1890fbe592e4797e7dd88c1e270f22b8334878e9bf187c4e11ae75746fe778",
    "https://deno.land/x/dnt@0.40.0/transform.ts": "f68743a14cf9bf53bfc9c81073871d69d447a7f9e3453e0447ca2fb78926bb1d",
    "https://deno.land/x/ts_morph@20.0.0/bootstrap/mod.ts": "b53aad517f106c4079971fcd4a81ab79fadc40b50061a3ab2b741a09119d51e9",
    "https://deno.land/x/ts_morph@20.0.0/bootstrap/ts_morph_bootstrap.js": "6645ac03c5e6687dfa8c78109dc5df0250b811ecb3aea2d97c504c35e8401c06",
    "https://deno.land/x/ts_morph@20.0.0/common/DenoRuntime.ts": "6a7180f0c6e90dcf23ccffc86aa8271c20b1c4f34c570588d08a45880b7e172d",
    "https://deno.land/x/ts_morph@20.0.0/common/mod.ts": "01985d2ee7da8d1caee318a9d07664774fbee4e31602bc2bb6bb62c3489555ed",
    "https://deno.land/x/ts_morph@20.0.0/common/ts_morph_common.js": "2325f94f61dc5f3f98a1dab366dc93048d11b1433d718b10cfc6ee5a1cfebe8f",
    "https://deno.land/x/ts_morph@20.0.0/common/typescript.js": "b9edf0a451685d13e0467a7ed4351d112b74bd1e256b915a2b941054e31c1736",
    "https://deno.land/x/wasmbuild@0.15.1/cache.ts": "9d01b5cb24e7f2a942bbd8d14b093751fa690a6cde8e21709ddc97667e6669ed",
    "https://deno.land/x/wasmbuild@0.15.1/loader.ts": "8c2fc10e21678e42f84c5135d8ab6ab7dc92424c3f05d2354896a29ccfd02a63"
  },
  "workspace": {
    "dependencies": [
      "jsr:@std/assert@1",
      "npm:bip66@2",
      "npm:currency-codes@^2.2.0"
    ]
  }
}
